// !$*UTF8*$!
{
	archiveVersion = 1;
	classes = {
	};
	objectVersion = 48;
	objects = {

/* Begin PBXBuildFile section */
		3666CD6B1FC1950800EE45A4 /* AppDelegate.swift in Sources */ = {isa = PBXBuildFile; fileRef = 3666CD6A1FC1950800EE45A4 /* AppDelegate.swift */; };
		3666CD6D1FC1950800EE45A4 /* ViewController.swift in Sources */ = {isa = PBXBuildFile; fileRef = 3666CD6C1FC1950800EE45A4 /* ViewController.swift */; };
		3666CD701FC1950800EE45A4 /* Main.storyboard in Resources */ = {isa = PBXBuildFile; fileRef = 3666CD6E1FC1950800EE45A4 /* Main.storyboard */; };
		3666CD721FC1950800EE45A4 /* Assets.xcassets in Resources */ = {isa = PBXBuildFile; fileRef = 3666CD711FC1950800EE45A4 /* Assets.xcassets */; };
		3666CD751FC1950800EE45A4 /* LaunchScreen.storyboard in Resources */ = {isa = PBXBuildFile; fileRef = 3666CD731FC1950800EE45A4 /* LaunchScreen.storyboard */; };
		3666CD801FC1950900EE45A4 /* IosNetworkTests.swift in Sources */ = {isa = PBXBuildFile; fileRef = 3666CD7F1FC1950900EE45A4 /* IosNetworkTests.swift */; };
		3666CD8B1FC1950900EE45A4 /* IosNetworkUITests.swift in Sources */ = {isa = PBXBuildFile; fileRef = 3666CD8A1FC1950900EE45A4 /* IosNetworkUITests.swift */; };
/* End PBXBuildFile section */

/* Begin PBXContainerItemProxy section */
		3666CD7C1FC1950900EE45A4 /* PBXContainerItemProxy */ = {
			isa = PBXContainerItemProxy;
			containerPortal = 3666CD5F1FC1950800EE45A4 /* Project object */;
			proxyType = 1;
			remoteGlobalIDString = 3666CD661FC1950800EE45A4;
			remoteInfo = IosNetwork;
		};
		3666CD871FC1950900EE45A4 /* PBXContainerItemProxy */ = {
			isa = PBXContainerItemProxy;
			containerPortal = 3666CD5F1FC1950800EE45A4 /* Project object */;
			proxyType = 1;
			remoteGlobalIDString = 3666CD661FC1950800EE45A4;
			remoteInfo = IosNetwork;
		};
/* End PBXContainerItemProxy section */

/* Begin PBXFileReference section */
		3666CD671FC1950800EE45A4 /* IosNetwork.app */ = {isa = PBXFileReference; explicitFileType = wrapper.application; includeInIndex = 0; path = IosNetwork.app; sourceTree = BUILT_PRODUCTS_DIR; };
		3666CD6A1FC1950800EE45A4 /* AppDelegate.swift */ = {isa = PBXFileReference; lastKnownFileType = sourcecode.swift; path = AppDelegate.swift; sourceTree = "<group>"; };
		3666CD6C1FC1950800EE45A4 /* ViewController.swift */ = {isa = PBXFileReference; lastKnownFileType = sourcecode.swift; path = ViewController.swift; sourceTree = "<group>"; };
		3666CD6F1FC1950800EE45A4 /* Base */ = {isa = PBXFileReference; lastKnownFileType = file.storyboard; name = Base; path = Base.lproj/Main.storyboard; sourceTree = "<group>"; };
		3666CD711FC1950800EE45A4 /* Assets.xcassets */ = {isa = PBXFileReference; lastKnownFileType = folder.assetcatalog; path = Assets.xcassets; sourceTree = "<group>"; };
		3666CD741FC1950800EE45A4 /* Base */ = {isa = PBXFileReference; lastKnownFileType = file.storyboard; name = Base; path = Base.lproj/LaunchScreen.storyboard; sourceTree = "<group>"; };
		3666CD761FC1950800EE45A4 /* Info.plist */ = {isa = PBXFileReference; lastKnownFileType = text.plist.xml; path = Info.plist; sourceTree = "<group>"; };
		3666CD7B1FC1950900EE45A4 /* IosNetworkTests.xctest */ = {isa = PBXFileReference; explicitFileType = wrapper.cfbundle; includeInIndex = 0; path = IosNetworkTests.xctest; sourceTree = BUILT_PRODUCTS_DIR; };
		3666CD7F1FC1950900EE45A4 /* IosNetworkTests.swift */ = {isa = PBXFileReference; lastKnownFileType = sourcecode.swift; path = IosNetworkTests.swift; sourceTree = "<group>"; };
		3666CD811FC1950900EE45A4 /* Info.plist */ = {isa = PBXFileReference; lastKnownFileType = text.plist.xml; path = Info.plist; sourceTree = "<group>"; };
		3666CD861FC1950900EE45A4 /* IosNetworkUITests.xctest */ = {isa = PBXFileReference; explicitFileType = wrapper.cfbundle; includeInIndex = 0; path = IosNetworkUITests.xctest; sourceTree = BUILT_PRODUCTS_DIR; };
		3666CD8A1FC1950900EE45A4 /* IosNetworkUITests.swift */ = {isa = PBXFileReference; lastKnownFileType = sourcecode.swift; path = IosNetworkUITests.swift; sourceTree = "<group>"; };
		3666CD8C1FC1950900EE45A4 /* Info.plist */ = {isa = PBXFileReference; lastKnownFileType = text.plist.xml; path = Info.plist; sourceTree = "<group>"; };
/* End PBXFileReference section */

/* Begin PBXFrameworksBuildPhase section */
		3666CD641FC1950800EE45A4 /* Frameworks */ = {
			isa = PBXFrameworksBuildPhase;
			buildActionMask = 2147483647;
			files = (
			);
			runOnlyForDeploymentPostprocessing = 0;
		};
		3666CD781FC1950900EE45A4 /* Frameworks */ = {
			isa = PBXFrameworksBuildPhase;
			buildActionMask = 2147483647;
			files = (
			);
			runOnlyForDeploymentPostprocessing = 0;
		};
		3666CD831FC1950900EE45A4 /* Frameworks */ = {
			isa = PBXFrameworksBuildPhase;
			buildActionMask = 2147483647;
			files = (
			);
			runOnlyForDeploymentPostprocessing = 0;
		};
/* End PBXFrameworksBuildPhase section */

/* Begin PBXGroup section */
		3666CD5E1FC1950800EE45A4 = {
			isa = PBXGroup;
			children = (
				3666CD691FC1950800EE45A4 /* IosNetwork */,
				3666CD7E1FC1950900EE45A4 /* IosNetworkTests */,
				3666CD891FC1950900EE45A4 /* IosNetworkUITests */,
				3666CD681FC1950800EE45A4 /* Products */,
			);
			sourceTree = "<group>";
		};
		3666CD681FC1950800EE45A4 /* Products */ = {
			isa = PBXGroup;
			children = (
				3666CD671FC1950800EE45A4 /* IosNetwork.app */,
				3666CD7B1FC1950900EE45A4 /* IosNetworkTests.xctest */,
				3666CD861FC1950900EE45A4 /* IosNetworkUITests.xctest */,
			);
			name = Products;
			sourceTree = "<group>";
		};
		3666CD691FC1950800EE45A4 /* IosNetwork */ = {
			isa = PBXGroup;
			children = (
				3666CD6A1FC1950800EE45A4 /* AppDelegate.swift */,
				3666CD6C1FC1950800EE45A4 /* ViewController.swift */,
				3666CD6E1FC1950800EE45A4 /* Main.storyboard */,
				3666CD711FC1950800EE45A4 /* Assets.xcassets */,
				3666CD731FC1950800EE45A4 /* LaunchScreen.storyboard */,
				3666CD761FC1950800EE45A4 /* Info.plist */,
			);
			path = IosNetwork;
			sourceTree = "<group>";
		};
		3666CD7E1FC1950900EE45A4 /* IosNetworkTests */ = {
			isa = PBXGroup;
			children = (
				3666CD7F1FC1950900EE45A4 /* IosNetworkTests.swift */,
				3666CD811FC1950900EE45A4 /* Info.plist */,
			);
			path = IosNetworkTests;
			sourceTree = "<group>";
		};
		3666CD891FC1950900EE45A4 /* IosNetworkUITests */ = {
			isa = PBXGroup;
			children = (
				3666CD8A1FC1950900EE45A4 /* IosNetworkUITests.swift */,
				3666CD8C1FC1950900EE45A4 /* Info.plist */,
			);
			path = IosNetworkUITests;
			sourceTree = "<group>";
		};
/* End PBXGroup section */

/* Begin PBXNativeTarget section */
		3666CD661FC1950800EE45A4 /* IosNetwork */ = {
			isa = PBXNativeTarget;
			buildConfigurationList = 3666CD8F1FC1950900EE45A4 /* Build configuration list for PBXNativeTarget "IosNetwork" */;
			buildPhases = (
				3666CD631FC1950800EE45A4 /* Sources */,
				3666CD641FC1950800EE45A4 /* Frameworks */,
				3666CD651FC1950800EE45A4 /* Resources */,
			);
			buildRules = (
			);
			dependencies = (
			);
			name = IosNetwork;
			productName = IosNetwork;
			productReference = 3666CD671FC1950800EE45A4 /* IosNetwork.app */;
			productType = "com.apple.product-type.application";
		};
		3666CD7A1FC1950900EE45A4 /* IosNetworkTests */ = {
			isa = PBXNativeTarget;
			buildConfigurationList = 3666CD921FC1950900EE45A4 /* Build configuration list for PBXNativeTarget "IosNetworkTests" */;
			buildPhases = (
				3666CD771FC1950900EE45A4 /* Sources */,
				3666CD781FC1950900EE45A4 /* Frameworks */,
				3666CD791FC1950900EE45A4 /* Resources */,
			);
			buildRules = (
			);
			dependencies = (
				3666CD7D1FC1950900EE45A4 /* PBXTargetDependency */,
			);
			name = IosNetworkTests;
			productName = IosNetworkTests;
			productReference = 3666CD7B1FC1950900EE45A4 /* IosNetworkTests.xctest */;
			productType = "com.apple.product-type.bundle.unit-test";
		};
		3666CD851FC1950900EE45A4 /* IosNetworkUITests */ = {
			isa = PBXNativeTarget;
			buildConfigurationList = 3666CD951FC1950900EE45A4 /* Build configuration list for PBXNativeTarget "IosNetworkUITests" */;
			buildPhases = (
				3666CD821FC1950900EE45A4 /* Sources */,
				3666CD831FC1950900EE45A4 /* Frameworks */,
				3666CD841FC1950900EE45A4 /* Resources */,
			);
			buildRules = (
			);
			dependencies = (
				3666CD881FC1950900EE45A4 /* PBXTargetDependency */,
			);
			name = IosNetworkUITests;
			productName = IosNetworkUITests;
			productReference = 3666CD861FC1950900EE45A4 /* IosNetworkUITests.xctest */;
			productType = "com.apple.product-type.bundle.ui-testing";
		};
/* End PBXNativeTarget section */

/* Begin PBXProject section */
		3666CD5F1FC1950800EE45A4 /* Project object */ = {
			isa = PBXProject;
			attributes = {
				LastSwiftUpdateCheck = 0910;
				LastUpgradeCheck = 0910;
				ORGANIZATIONNAME = "Nazmus Saadat";
				TargetAttributes = {
					3666CD661FC1950800EE45A4 = {
						CreatedOnToolsVersion = 9.1;
						ProvisioningStyle = Automatic;
					};
					3666CD7A1FC1950900EE45A4 = {
						CreatedOnToolsVersion = 9.1;
						ProvisioningStyle = Automatic;
						TestTargetID = 3666CD661FC1950800EE45A4;
					};
					3666CD851FC1950900EE45A4 = {
						CreatedOnToolsVersion = 9.1;
						ProvisioningStyle = Automatic;
						TestTargetID = 3666CD661FC1950800EE45A4;
					};
				};
			};
			buildConfigurationList = 3666CD621FC1950800EE45A4 /* Build configuration list for PBXProject "IosNetwork" */;
			compatibilityVersion = "Xcode 8.0";
			developmentRegion = en;
			hasScannedForEncodings = 0;
			knownRegions = (
				en,
				Base,
			);
			mainGroup = 3666CD5E1FC1950800EE45A4;
			productRefGroup = 3666CD681FC1950800EE45A4 /* Products */;
			projectDirPath = "";
			projectRoot = "";
			targets = (
				3666CD661FC1950800EE45A4 /* IosNetwork */,
				3666CD7A1FC1950900EE45A4 /* IosNetworkTests */,
				3666CD851FC1950900EE45A4 /* IosNetworkUITests */,
			);
		};
/* End PBXProject section */

/* Begin PBXResourcesBuildPhase section */
		3666CD651FC1950800EE45A4 /* Resources */ = {
			isa = PBXResourcesBuildPhase;
			buildActionMask = 2147483647;
			files = (
				3666CD751FC1950800EE45A4 /* LaunchScreen.storyboard in Resources */,
				3666CD721FC1950800EE45A4 /* Assets.xcassets in Resources */,
				3666CD701FC1950800EE45A4 /* Main.storyboard in Resources */,
			);
			runOnlyForDeploymentPostprocessing = 0;
		};
		3666CD791FC1950900EE45A4 /* Resources */ = {
			isa = PBXResourcesBuildPhase;
			buildActionMask = 2147483647;
			files = (
			);
			runOnlyForDeploymentPostprocessing = 0;
		};
		3666CD841FC1950900EE45A4 /* Resources */ = {
			isa = PBXResourcesBuildPhase;
			buildActionMask = 2147483647;
			files = (
			);
			runOnlyForDeploymentPostprocessing = 0;
		};
/* End PBXResourcesBuildPhase section */

/* Begin PBXSourcesBuildPhase section */
		3666CD631FC1950800EE45A4 /* Sources */ = {
			isa = PBXSourcesBuildPhase;
			buildActionMask = 2147483647;
			files = (
				3666CD6D1FC1950800EE45A4 /* ViewController.swift in Sources */,
				3666CD6B1FC1950800EE45A4 /* AppDelegate.swift in Sources */,
			);
			runOnlyForDeploymentPostprocessing = 0;
		};
		3666CD771FC1950900EE45A4 /* Sources */ = {
			isa = PBXSourcesBuildPhase;
			buildActionMask = 2147483647;
			files = (
				3666CD801FC1950900EE45A4 /* IosNetworkTests.swift in Sources */,
			);
			runOnlyForDeploymentPostprocessing = 0;
		};
		3666CD821FC1950900EE45A4 /* Sources */ = {
			isa = PBXSourcesBuildPhase;
			buildActionMask = 2147483647;
			files = (
				3666CD8B1FC1950900EE45A4 /* IosNetworkUITests.swift in Sources */,
			);
			runOnlyForDeploymentPostprocessing = 0;
		};
/* End PBXSourcesBuildPhase section */

/* Begin PBXTargetDependency section */
		3666CD7D1FC1950900EE45A4 /* PBXTargetDependency */ = {
			isa = PBXTargetDependency;
			target = 3666CD661FC1950800EE45A4 /* IosNetwork */;
			targetProxy = 3666CD7C1FC1950900EE45A4 /* PBXContainerItemProxy */;
		};
		3666CD881FC1950900EE45A4 /* PBXTargetDependency */ = {
			isa = PBXTargetDependency;
			target = 3666CD661FC1950800EE45A4 /* IosNetwork */;
			targetProxy = 3666CD871FC1950900EE45A4 /* PBXContainerItemProxy */;
		};
/* End PBXTargetDependency section */

/* Begin PBXVariantGroup section */
		3666CD6E1FC1950800EE45A4 /* Main.storyboard */ = {
			isa = PBXVariantGroup;
			children = (
				3666CD6F1FC1950800EE45A4 /* Base */,
			);
			name = Main.storyboard;
			sourceTree = "<group>";
		};
		3666CD731FC1950800EE45A4 /* LaunchScreen.storyboard */ = {
			isa = PBXVariantGroup;
			children = (
				3666CD741FC1950800EE45A4 /* Base */,
			);
			name = LaunchScreen.storyboard;
			sourceTree = "<group>";
		};
/* End PBXVariantGroup section */

/* Begin XCBuildConfiguration section */
		3666CD8D1FC1950900EE45A4 /* Debug */ = {
			isa = XCBuildConfiguration;
			buildSettings = {
				ALWAYS_SEARCH_USER_PATHS = NO;
				CLANG_ANALYZER_NONNULL = YES;
				CLANG_ANALYZER_NUMBER_OBJECT_CONVERSION = YES_AGGRESSIVE;
				CLANG_CXX_LANGUAGE_STANDARD = "gnu++14";
				CLANG_CXX_LIBRARY = "libc++";
				CLANG_ENABLE_MODULES = YES;
				CLANG_ENABLE_OBJC_ARC = YES;
				CLANG_WARN_BLOCK_CAPTURE_AUTORELEASING = YES;
				CLANG_WARN_BOOL_CONVERSION = YES;
				CLANG_WARN_COMMA = YES;
				CLANG_WARN_CONSTANT_CONVERSION = YES;
				CLANG_WARN_DIRECT_OBJC_ISA_USAGE = YES_ERROR;
				CLANG_WARN_DOCUMENTATION_COMMENTS = YES;
				CLANG_WARN_EMPTY_BODY = YES;
				CLANG_WARN_ENUM_CONVERSION = YES;
				CLANG_WARN_INFINITE_RECURSION = YES;
				CLANG_WARN_INT_CONVERSION = YES;
				CLANG_WARN_NON_LITERAL_NULL_CONVERSION = YES;
				CLANG_WARN_OBJC_LITERAL_CONVERSION = YES;
				CLANG_WARN_OBJC_ROOT_CLASS = YES_ERROR;
				CLANG_WARN_RANGE_LOOP_ANALYSIS = YES;
				CLANG_WARN_STRICT_PROTOTYPES = YES;
				CLANG_WARN_SUSPICIOUS_MOVE = YES;
				CLANG_WARN_UNGUARDED_AVAILABILITY = YES_AGGRESSIVE;
				CLANG_WARN_UNREACHABLE_CODE = YES;
				CLANG_WARN__DUPLICATE_METHOD_MATCH = YES;
				CODE_SIGN_IDENTITY = "iPhone Developer";
				COPY_PHASE_STRIP = NO;
				DEBUG_INFORMATION_FORMAT = dwarf;
				ENABLE_STRICT_OBJC_MSGSEND = YES;
				ENABLE_TESTABILITY = YES;
				GCC_C_LANGUAGE_STANDARD = gnu11;
				GCC_DYNAMIC_NO_PIC = NO;
				GCC_NO_COMMON_BLOCKS = YES;
				GCC_OPTIMIZATION_LEVEL = 0;
				GCC_PREPROCESSOR_DEFINITIONS = (
					"DEBUG=1",
					"$(inherited)",
				);
				GCC_WARN_64_TO_32_BIT_CONVERSION = YES;
				GCC_WARN_ABOUT_RETURN_TYPE = YES_ERROR;
				GCC_WARN_UNDECLARED_SELECTOR = YES;
				GCC_WARN_UNINITIALIZED_AUTOS = YES_AGGRESSIVE;
				GCC_WARN_UNUSED_FUNCTION = YES;
				GCC_WARN_UNUSED_VARIABLE = YES;
				IPHONEOS_DEPLOYMENT_TARGET = 11.1;
				MTL_ENABLE_DEBUG_INFO = YES;
				ONLY_ACTIVE_ARCH = YES;
				SDKROOT = iphoneos;
				SWIFT_ACTIVE_COMPILATION_CONDITIONS = DEBUG;
				SWIFT_OPTIMIZATION_LEVEL = "-Onone";
			};
			name = Debug;
		};
		3666CD8E1FC1950900EE45A4 /* Release */ = {
			isa = XCBuildConfiguration;
			buildSettings = {
				ALWAYS_SEARCH_USER_PATHS = NO;
				CLANG_ANALYZER_NONNULL = YES;
				CLANG_ANALYZER_NUMBER_OBJECT_CONVERSION = YES_AGGRESSIVE;
				CLANG_CXX_LANGUAGE_STANDARD = "gnu++14";
				CLANG_CXX_LIBRARY = "libc++";
				CLANG_ENABLE_MODULES = YES;
				CLANG_ENABLE_OBJC_ARC = YES;
				CLANG_WARN_BLOCK_CAPTURE_AUTORELEASING = YES;
				CLANG_WARN_BOOL_CONVERSION = YES;
				CLANG_WARN_COMMA = YES;
				CLANG_WARN_CONSTANT_CONVERSION = YES;
				CLANG_WARN_DIRECT_OBJC_ISA_USAGE = YES_ERROR;
				CLANG_WARN_DOCUMENTATION_COMMENTS = YES;
				CLANG_WARN_EMPTY_BODY = YES;
				CLANG_WARN_ENUM_CONVERSION = YES;
				CLANG_WARN_INFINITE_RECURSION = YES;
				CLANG_WARN_INT_CONVERSION = YES;
				CLANG_WARN_NON_LITERAL_NULL_CONVERSION = YES;
				CLANG_WARN_OBJC_LITERAL_CONVERSION = YES;
				CLANG_WARN_OBJC_ROOT_CLASS = YES_ERROR;
				CLANG_WARN_RANGE_LOOP_ANALYSIS = YES;
				CLANG_WARN_STRICT_PROTOTYPES = YES;
				CLANG_WARN_SUSPICIOUS_MOVE = YES;
				CLANG_WARN_UNGUARDED_AVAILABILITY = YES_AGGRESSIVE;
				CLANG_WARN_UNREACHABLE_CODE = YES;
				CLANG_WARN__DUPLICATE_METHOD_MATCH = YES;
				CODE_SIGN_IDENTITY = "iPhone Developer";
				COPY_PHASE_STRIP = NO;
				DEBUG_INFORMATION_FORMAT = "dwarf-with-dsym";
				ENABLE_NS_ASSERTIONS = NO;
				ENABLE_STRICT_OBJC_MSGSEND = YES;
				GCC_C_LANGUAGE_STANDARD = gnu11;
				GCC_NO_COMMON_BLOCKS = YES;
				GCC_WARN_64_TO_32_BIT_CONVERSION = YES;
				GCC_WARN_ABOUT_RETURN_TYPE = YES_ERROR;
				GCC_WARN_UNDECLARED_SELECTOR = YES;
				GCC_WARN_UNINITIALIZED_AUTOS = YES_AGGRESSIVE;
				GCC_WARN_UNUSED_FUNCTION = YES;
				GCC_WARN_UNUSED_VARIABLE = YES;
				IPHONEOS_DEPLOYMENT_TARGET = 11.1;
				MTL_ENABLE_DEBUG_INFO = NO;
				SDKROOT = iphoneos;
				SWIFT_OPTIMIZATION_LEVEL = "-Owholemodule";
				VALIDATE_PRODUCT = YES;
			};
			name = Release;
		};
		3666CD901FC1950900EE45A4 /* Debug */ = {
			isa = XCBuildConfiguration;
			buildSettings = {
				ASSETCATALOG_COMPILER_APPICON_NAME = AppIcon;
				CODE_SIGN_STYLE = Automatic;
				INFOPLIST_FILE = IosNetwork/Info.plist;
				LD_RUNPATH_SEARCH_PATHS = "$(inherited) @executable_path/Frameworks";
				PRODUCT_BUNDLE_IDENTIFIER = xyz.nuhin13.IosNetwork;
				PRODUCT_NAME = "$(TARGET_NAME)";
				SWIFT_VERSION = 4.0;
				TARGETED_DEVICE_FAMILY = "1,2";
			};
			name = Debug;
		};
		3666CD911FC1950900EE45A4 /* Release */ = {
			isa = XCBuildConfiguration;
			buildSettings = {
				ASSETCATALOG_COMPILER_APPICON_NAME = AppIcon;
				CODE_SIGN_STYLE = Automatic;
				INFOPLIST_FILE = IosNetwork/Info.plist;
				LD_RUNPATH_SEARCH_PATHS = "$(inherited) @executable_path/Frameworks";
				PRODUCT_BUNDLE_IDENTIFIER = xyz.nuhin13.IosNetwork;
				PRODUCT_NAME = "$(TARGET_NAME)";
				SWIFT_VERSION = 4.0;
				TARGETED_DEVICE_FAMILY = "1,2";
			};
			name = Release;
		};
		3666CD931FC1950900EE45A4 /* Debug */ = {
			isa = XCBuildConfiguration;
			buildSettings = {
				ALWAYS_EMBED_SWIFT_STANDARD_LIBRARIES = YES;
				BUNDLE_LOADER = "$(TEST_HOST)";
				CODE_SIGN_STYLE = Automatic;
				INFOPLIST_FILE = IosNetworkTests/Info.plist;
				LD_RUNPATH_SEARCH_PATHS = "$(inherited) @executable_path/Frameworks @loader_path/Frameworks";
				PRODUCT_BUNDLE_IDENTIFIER = xyz.nuhin13.IosNetworkTests;
				PRODUCT_NAME = "$(TARGET_NAME)";
				SWIFT_VERSION = 4.0;
				TARGETED_DEVICE_FAMILY = "1,2";
				TEST_HOST = "$(BUILT_PRODUCTS_DIR)/IosNetwork.app/IosNetwork";
			};
			name = Debug;
		};
		3666CD941FC1950900EE45A4 /* Release */ = {
			isa = XCBuildConfiguration;
			buildSettings = {
				ALWAYS_EMBED_SWIFT_STANDARD_LIBRARIES = YES;
				BUNDLE_LOADER = "$(TEST_HOST)";
				CODE_SIGN_STYLE = Automatic;
				INFOPLIST_FILE = IosNetworkTests/Info.plist;
				LD_RUNPATH_SEARCH_PATHS = "$(inherited) @executable_path/Frameworks @loader_path/Frameworks";
				PRODUCT_BUNDLE_IDENTIFIER = xyz.nuhin13.IosNetworkTests;
				PRODUCT_NAME = "$(TARGET_NAME)";
				SWIFT_VERSION = 4.0;
				TARGETED_DEVICE_FAMILY = "1,2";
				TEST_HOST = "$(BUILT_PRODUCTS_DIR)/IosNetwork.app/IosNetwork";
			};
			name = Release;
		};
		3666CD961FC1950900EE45A4 /* Debug */ = {
			isa = XCBuildConfiguration;
			buildSettings = {
				ALWAYS_EMBED_SWIFT_STANDARD_LIBRARIES = YES;
				CODE_SIGN_STYLE = Automatic;
				INFOPLIST_FILE = IosNetworkUITests/Info.plist;
				LD_RUNPATH_SEARCH_PATHS = "$(inherited) @executable_path/Frameworks @loader_path/Frameworks";
				PRODUCT_BUNDLE_IDENTIFIER = xyz.nuhin13.IosNetworkUITests;
				PRODUCT_NAME = "$(TARGET_NAME)";
				SWIFT_VERSION = 4.0;
				TARGETED_DEVICE_FAMILY = "1,2";
				TEST_TARGET_NAME = IosNetwork;
			};
			name = Debug;
		};
		3666CD971FC1950900EE45A4 /* Release */ = {
			isa = XCBuildConfiguration;
			buildSettings = {
				ALWAYS_EMBED_SWIFT_STANDARD_LIBRARIES = YES;
				CODE_SIGN_STYLE = Automatic;
				INFOPLIST_FILE = IosNetworkUITests/Info.plist;
				LD_RUNPATH_SEARCH_PATHS = "$(inherited) @executable_path/Frameworks @loader_path/Frameworks";
				PRODUCT_BUNDLE_IDENTIFIER = xyz.nuhin13.IosNetworkUITests;
				PRODUCT_NAME = "$(TARGET_NAME)";
				SWIFT_VERSION = 4.0;
				TARGETED_DEVICE_FAMILY = "1,2";
				TEST_TARGET_NAME = IosNetwork;
			};
			name = Release;
		};
/* End XCBuildConfiguration section */

/* Begin XCConfigurationList section */
		3666CD621FC1950800EE45A4 /* Build configuration list for PBXProject "IosNetwork" */ = {
			isa = XCConfigurationList;
			buildConfigurations = (
				3666CD8D1FC1950900EE45A4 /* Debug */,
				3666CD8E1FC1950900EE45A4 /* Release */,
			);
			defaultConfigurationIsVisible = 0;
			defaultConfigurationName = Release;
		};
		3666CD8F1FC1950900EE45A4 /* Build configuration list for PBXNativeTarget "IosNetwork" */ = {
			isa = XCConfigurationList;
			buildConfigurations = (
				3666CD901FC1950900EE45A4 /* Debug */,
				3666CD911FC1950900EE45A4 /* Release */,
			);
			defaultConfigurationIsVisible = 0;
			defaultConfigurationName = Release;
		};
		3666CD921FC1950900EE45A4 /* Build configuration list for PBXNativeTarget "IosNetworkTests" */ = {
			isa = XCConfigurationList;
			buildConfigurations = (
				3666CD931FC1950900EE45A4 /* Debug */,
				3666CD941FC1950900EE45A4 /* Release */,
			);
			defaultConfigurationIsVisible = 0;
			defaultConfigurationName = Release;
		};
		3666CD951FC1950900EE45A4 /* Build configuration list for PBXNativeTarget "IosNetworkUITests" */ = {
			isa = XCConfigurationList;
			buildConfigurations = (
				3666CD961FC1950900EE45A4 /* Debug */,
				3666CD971FC1950900EE45A4 /* Release */,
			);
			defaultConfigurationIsVisible = 0;
			defaultConfigurationName = Release;
		};
/* End XCConfigurationList section */
	};
	rootObject = 3666CD5F1FC1950800EE45A4 /* Project object */;
}
